
Microsoft Visual Studio Solution File, Format Version 12.00
# Visual Studio Version 17
VisualStudioVersion = 17.4.33213.308
MinimumVisualStudioVersion = 10.0.40219.1
Project("{FAE04EC0-301F-11D3-BF4B-00C04F79EFBC}") = "Scrapey", "Scrapey\Scrapey.csproj", "{815CB2A1-FA6C-4010-9C66-7D7E48688036}"
EndProject
Global
	GlobalSection(SolutionConfigurationPlatforms) = preSolution
		Debug|Any CPU = Debug|Any CPU
		Release|Any CPU = Release|Any CPU
	EndGlobalSection
	GlobalSection(ProjectConfigurationPlatforms) = postSolution
		{815CB2A1-FA6C-4010-9C66-7D7E48688036}.Debug|Any CPU.ActiveCfg = Debug|Any CPU
		{815CB2A1-FA6C-4010-9C66-7D7E48688036}.Debug|Any CPU.Build.0 = Debug|Any CPU
		{815CB2A1-FA6C-4010-9C66-7D7E48688036}.Release|Any CPU.ActiveCfg = Release|Any CPU
		{815CB2A1-FA6C-4010-9C66-7D7E48688036}.Release|Any CPU.Build.0 = Release|Any CPU
	EndGlobalSection
	GlobalSection(SolutionProperties) = preSolution
		HideSolutionNode = FALSE
	EndGlobalSection
	GlobalSection(ExtensibilityGlobals) = postSolution
		SolutionGuid = {D4619A06-85EB-4487-BA1C-1543D50B176D}
	EndGlobalSection
EndGlobal
